
Microsoft Visual Studio Solution File, Format Version 12.00
# Visual Studio 15
VisualStudioVersion = 15.0.27703.2035
MinimumVisualStudioVersion = 10.0.40219.1
Project("{9A19103F-16F7-4668-BE54-9A1E7A4F7556}") = "WebApplication2", "WebApplication2\WebApplication2.csproj", "{A6510B23-795F-49A8-BC6A-16F7BC8168AF}"
EndProject
Project("{FAE04EC0-301F-11D3-BF4B-00C04F79EFBC}") = "WebApplication2.Tests", "WebApplication2.Tests\WebApplication2.Tests.csproj", "{0CBAC732-661D-4D56-A9CD-47BF705C3178}"
EndProject
Global
	GlobalSection(SolutionConfigurationPlatforms) = preSolution
		Debug|Any CPU = Debug|Any CPU
		Release|Any CPU = Release|Any CPU
	EndGlobalSection
	GlobalSection(ProjectConfigurationPlatforms) = postSolution
		{A6510B23-795F-49A8-BC6A-16F7BC8168AF}.Debug|Any CPU.ActiveCfg = Debug|Any CPU
		{A6510B23-795F-49A8-BC6A-16F7BC8168AF}.Debug|Any CPU.Build.0 = Debug|Any CPU
		{A6510B23-795F-49A8-BC6A-16F7BC8168AF}.Release|Any CPU.ActiveCfg = Release|Any CPU
		{A6510B23-795F-49A8-BC6A-16F7BC8168AF}.Release|Any CPU.Build.0 = Release|Any CPU
		{0CBAC732-661D-4D56-A9CD-47BF705C3178}.Debug|Any CPU.ActiveCfg = Debug|Any CPU
		{0CBAC732-661D-4D56-A9CD-47BF705C3178}.Debug|Any CPU.Build.0 = Debug|Any CPU
		{0CBAC732-661D-4D56-A9CD-47BF705C3178}.Release|Any CPU.ActiveCfg = Release|Any CPU
		{0CBAC732-661D-4D56-A9CD-47BF705C3178}.Release|Any CPU.Build.0 = Release|Any CPU
	EndGlobalSection
	GlobalSection(SolutionProperties) = preSolution
		HideSolutionNode = FALSE
	EndGlobalSection
	GlobalSection(ExtensibilityGlobals) = postSolution
		SolutionGuid = {B7B5D6EF-5B40-4456-9EEB-C89D52178793}
	EndGlobalSection
EndGlobal
